
Microsoft Visual Studio Solution File, Format Version 12.00
# Visual Studio Version 16
VisualStudioVersion = 16.0.32413.511
MinimumVisualStudioVersion = 10.0.40219.1
Project("{FAE04EC0-301F-11D3-BF4B-00C04F79EFBC}") = "kap 2 uppgift 2.13", "kap 2 uppgift 2.13\kap 2 uppgift 2.13.csproj", "{A547256E-05FD-44D1-A447-56044BEF5184}"
EndProject
Global
	GlobalSection(SolutionConfigurationPlatforms) = preSolution
		Debug|Any CPU = Debug|Any CPU
		Release|Any CPU = Release|Any CPU
	EndGlobalSection
	GlobalSection(ProjectConfigurationPlatforms) = postSolution
		{A547256E-05FD-44D1-A447-56044BEF5184}.Debug|Any CPU.ActiveCfg = Debug|Any CPU
		{A547256E-05FD-44D1-A447-56044BEF5184}.Debug|Any CPU.Build.0 = Debug|Any CPU
		{A547256E-05FD-44D1-A447-56044BEF5184}.Release|Any CPU.ActiveCfg = Release|Any CPU
		{A547256E-05FD-44D1-A447-56044BEF5184}.Release|Any CPU.Build.0 = Release|Any CPU
	EndGlobalSection
	GlobalSection(SolutionProperties) = preSolution
		HideSolutionNode = FALSE
	EndGlobalSection
	GlobalSection(ExtensibilityGlobals) = postSolution
		SolutionGuid = {674E3EE8-F6A5-4909-81EE-F790EC7CAB7C}
	EndGlobalSection
EndGlobal
